
Microsoft Visual Studio Solution File, Format Version 12.00
# Visual Studio Version 17
VisualStudioVersion = 17.9.34723.18
MinimumVisualStudioVersion = 10.0.40219.1
Project("{9A19103F-16F7-4668-BE54-9A1E7A4F7556}") = "VehicleManagement.API", "VehicleManagement.API\VehicleManagement.API.csproj", "{9EEE5F94-A0C8-4CFE-B230-6367E2295E11}"
EndProject
Project("{9A19103F-16F7-4668-BE54-9A1E7A4F7556}") = "VehicleManagement.Data", "VehicleManagement.Data\VehicleManagement.Data.csproj", "{4F0585E1-6EB3-4F3B-AB44-48B6443EB5B5}"
EndProject
Project("{9A19103F-16F7-4668-BE54-9A1E7A4F7556}") = "VehicleManagement.Services", "VehicleManagement.Services\VehicleManagement.Services.csproj", "{04D72035-740A-4FE0-A8D3-E00E72490E37}"
EndProject
Project("{9A19103F-16F7-4668-BE54-9A1E7A4F7556}") = "VehicleManagement.Common", "VehicleManagement.Common\VehicleManagement.Common.csproj", "{433AAF38-EF33-4FD2-ADB3-877E183C893E}"
EndProject
Project("{FAE04EC0-301F-11D3-BF4B-00C04F79EFBC}") = "VehicleManagement.UnitTest", "VehicleManagement.UnitTest\VehicleManagement.UnitTest.csproj", "{FDFC1142-C5F5-4030-B892-3E68A24D1A41}"
EndProject
Global
	GlobalSection(SolutionConfigurationPlatforms) = preSolution
		Debug|Any CPU = Debug|Any CPU
		Release|Any CPU = Release|Any CPU
	EndGlobalSection
	GlobalSection(ProjectConfigurationPlatforms) = postSolution
		{9EEE5F94-A0C8-4CFE-B230-6367E2295E11}.Debug|Any CPU.ActiveCfg = Debug|Any CPU
		{9EEE5F94-A0C8-4CFE-B230-6367E2295E11}.Debug|Any CPU.Build.0 = Debug|Any CPU
		{9EEE5F94-A0C8-4CFE-B230-6367E2295E11}.Release|Any CPU.ActiveCfg = Release|Any CPU
		{9EEE5F94-A0C8-4CFE-B230-6367E2295E11}.Release|Any CPU.Build.0 = Release|Any CPU
		{4F0585E1-6EB3-4F3B-AB44-48B6443EB5B5}.Debug|Any CPU.ActiveCfg = Debug|Any CPU
		{4F0585E1-6EB3-4F3B-AB44-48B6443EB5B5}.Debug|Any CPU.Build.0 = Debug|Any CPU
		{4F0585E1-6EB3-4F3B-AB44-48B6443EB5B5}.Release|Any CPU.ActiveCfg = Release|Any CPU
		{4F0585E1-6EB3-4F3B-AB44-48B6443EB5B5}.Release|Any CPU.Build.0 = Release|Any CPU
		{04D72035-740A-4FE0-A8D3-E00E72490E37}.Debug|Any CPU.ActiveCfg = Debug|Any CPU
		{04D72035-740A-4FE0-A8D3-E00E72490E37}.Debug|Any CPU.Build.0 = Debug|Any CPU
		{04D72035-740A-4FE0-A8D3-E00E72490E37}.Release|Any CPU.ActiveCfg = Release|Any CPU
		{04D72035-740A-4FE0-A8D3-E00E72490E37}.Release|Any CPU.Build.0 = Release|Any CPU
		{433AAF38-EF33-4FD2-ADB3-877E183C893E}.Debug|Any CPU.ActiveCfg = Debug|Any CPU
		{433AAF38-EF33-4FD2-ADB3-877E183C893E}.Debug|Any CPU.Build.0 = Debug|Any CPU
		{433AAF38-EF33-4FD2-ADB3-877E183C893E}.Release|Any CPU.ActiveCfg = Release|Any CPU
		{433AAF38-EF33-4FD2-ADB3-877E183C893E}.Release|Any CPU.Build.0 = Release|Any CPU
		{FDFC1142-C5F5-4030-B892-3E68A24D1A41}.Debug|Any CPU.ActiveCfg = Debug|Any CPU
		{FDFC1142-C5F5-4030-B892-3E68A24D1A41}.Debug|Any CPU.Build.0 = Debug|Any CPU
		{FDFC1142-C5F5-4030-B892-3E68A24D1A41}.Release|Any CPU.ActiveCfg = Release|Any CPU
		{FDFC1142-C5F5-4030-B892-3E68A24D1A41}.Release|Any CPU.Build.0 = Release|Any CPU
	EndGlobalSection
	GlobalSection(SolutionProperties) = preSolution
		HideSolutionNode = FALSE
	EndGlobalSection
	GlobalSection(ExtensibilityGlobals) = postSolution
		SolutionGuid = {29EA4DAB-8B61-4FAA-A9F4-8E649D7398FE}
	EndGlobalSection
EndGlobal
